
Microsoft Visual Studio Solution File, Format Version 12.00
# Visual Studio 15
VisualStudioVersion = 15.0.28307.329
MinimumVisualStudioVersion = 10.0.40219.1
Project("{FAE04EC0-301F-11D3-BF4B-00C04F79EFBC}") = "Task 1", "Task 1\Task 1.csproj", "{AD06035A-1F49-454A-9CCE-94F0C2B0B795}"
EndProject
Global
	GlobalSection(SolutionConfigurationPlatforms) = preSolution
		Debug|Any CPU = Debug|Any CPU
		Release|Any CPU = Release|Any CPU
	EndGlobalSection
	GlobalSection(ProjectConfigurationPlatforms) = postSolution
		{AD06035A-1F49-454A-9CCE-94F0C2B0B795}.Debug|Any CPU.ActiveCfg = Debug|Any CPU
		{AD06035A-1F49-454A-9CCE-94F0C2B0B795}.Debug|Any CPU.Build.0 = Debug|Any CPU
		{AD06035A-1F49-454A-9CCE-94F0C2B0B795}.Release|Any CPU.ActiveCfg = Release|Any CPU
		{AD06035A-1F49-454A-9CCE-94F0C2B0B795}.Release|Any CPU.Build.0 = Release|Any CPU
	EndGlobalSection
	GlobalSection(SolutionProperties) = preSolution
		HideSolutionNode = FALSE
	EndGlobalSection
	GlobalSection(ExtensibilityGlobals) = postSolution
		SolutionGuid = {6CBD9E05-3AFB-49B1-B669-80C8144146E0}
	EndGlobalSection
EndGlobal
