
Microsoft Visual Studio Solution File, Format Version 12.00
# Visual Studio 15
VisualStudioVersion = 15.0.28307.329
MinimumVisualStudioVersion = 10.0.40219.1
Project("{FAE04EC0-301F-11D3-BF4B-00C04F79EFBC}") = "Snake", "Snake\Snake.csproj", "{7CB35444-F4CD-4853-95D0-FE3E05E0D21C}"
EndProject
Global
	GlobalSection(SolutionConfigurationPlatforms) = preSolution
		Debug|Any CPU = Debug|Any CPU
		Release|Any CPU = Release|Any CPU
	EndGlobalSection
	GlobalSection(ProjectConfigurationPlatforms) = postSolution
		{7CB35444-F4CD-4853-95D0-FE3E05E0D21C}.Debug|Any CPU.ActiveCfg = Debug|Any CPU
		{7CB35444-F4CD-4853-95D0-FE3E05E0D21C}.Debug|Any CPU.Build.0 = Debug|Any CPU
		{7CB35444-F4CD-4853-95D0-FE3E05E0D21C}.Release|Any CPU.ActiveCfg = Release|Any CPU
		{7CB35444-F4CD-4853-95D0-FE3E05E0D21C}.Release|Any CPU.Build.0 = Release|Any CPU
	EndGlobalSection
	GlobalSection(SolutionProperties) = preSolution
		HideSolutionNode = FALSE
	EndGlobalSection
	GlobalSection(ExtensibilityGlobals) = postSolution
		SolutionGuid = {6E0A37AB-5987-47A1-864E-69028A0AADF1}
	EndGlobalSection
EndGlobal
