
Microsoft Visual Studio Solution File, Format Version 12.00
# Visual Studio 15
VisualStudioVersion = 15.0.28307.329
MinimumVisualStudioVersion = 10.0.40219.1
Project("{FAE04EC0-301F-11D3-BF4B-00C04F79EFBC}") = "Task 2", "Task 2\Task 2.csproj", "{530F83F7-C180-440E-83E2-BAC4AA81A1B5}"
EndProject
Global
	GlobalSection(SolutionConfigurationPlatforms) = preSolution
		Debug|Any CPU = Debug|Any CPU
		Release|Any CPU = Release|Any CPU
	EndGlobalSection
	GlobalSection(ProjectConfigurationPlatforms) = postSolution
		{530F83F7-C180-440E-83E2-BAC4AA81A1B5}.Debug|Any CPU.ActiveCfg = Debug|Any CPU
		{530F83F7-C180-440E-83E2-BAC4AA81A1B5}.Debug|Any CPU.Build.0 = Debug|Any CPU
		{530F83F7-C180-440E-83E2-BAC4AA81A1B5}.Release|Any CPU.ActiveCfg = Release|Any CPU
		{530F83F7-C180-440E-83E2-BAC4AA81A1B5}.Release|Any CPU.Build.0 = Release|Any CPU
	EndGlobalSection
	GlobalSection(SolutionProperties) = preSolution
		HideSolutionNode = FALSE
	EndGlobalSection
	GlobalSection(ExtensibilityGlobals) = postSolution
		SolutionGuid = {DE45FA3A-69EF-44CB-AEB6-9354DCBB908C}
	EndGlobalSection
EndGlobal
