
Microsoft Visual Studio Solution File, Format Version 12.00
# Visual Studio 15
VisualStudioVersion = 15.0.28307.329
MinimumVisualStudioVersion = 10.0.40219.1
Project("{FAE04EC0-301F-11D3-BF4B-00C04F79EFBC}") = "Task 3", "Task 3\Task 3.csproj", "{281E068C-E791-4F05-BC00-2D1AA75D88CC}"
EndProject
Global
	GlobalSection(SolutionConfigurationPlatforms) = preSolution
		Debug|Any CPU = Debug|Any CPU
		Release|Any CPU = Release|Any CPU
	EndGlobalSection
	GlobalSection(ProjectConfigurationPlatforms) = postSolution
		{281E068C-E791-4F05-BC00-2D1AA75D88CC}.Debug|Any CPU.ActiveCfg = Debug|Any CPU
		{281E068C-E791-4F05-BC00-2D1AA75D88CC}.Debug|Any CPU.Build.0 = Debug|Any CPU
		{281E068C-E791-4F05-BC00-2D1AA75D88CC}.Release|Any CPU.ActiveCfg = Release|Any CPU
		{281E068C-E791-4F05-BC00-2D1AA75D88CC}.Release|Any CPU.Build.0 = Release|Any CPU
	EndGlobalSection
	GlobalSection(SolutionProperties) = preSolution
		HideSolutionNode = FALSE
	EndGlobalSection
	GlobalSection(ExtensibilityGlobals) = postSolution
		SolutionGuid = {D16A7B48-1386-4190-9EC7-CAE7193B8C91}
	EndGlobalSection
EndGlobal
