
Microsoft Visual Studio Solution File, Format Version 12.00
# Visual Studio 15
VisualStudioVersion = 15.0.28307.329
MinimumVisualStudioVersion = 10.0.40219.1
Project("{FAE04EC0-301F-11D3-BF4B-00C04F79EFBC}") = "Task 1", "Task 1\Task 1.csproj", "{D724E633-7350-4598-8DC1-5D320DC01F80}"
EndProject
Global
	GlobalSection(SolutionConfigurationPlatforms) = preSolution
		Debug|Any CPU = Debug|Any CPU
		Release|Any CPU = Release|Any CPU
	EndGlobalSection
	GlobalSection(ProjectConfigurationPlatforms) = postSolution
		{D724E633-7350-4598-8DC1-5D320DC01F80}.Debug|Any CPU.ActiveCfg = Debug|Any CPU
		{D724E633-7350-4598-8DC1-5D320DC01F80}.Debug|Any CPU.Build.0 = Debug|Any CPU
		{D724E633-7350-4598-8DC1-5D320DC01F80}.Release|Any CPU.ActiveCfg = Release|Any CPU
		{D724E633-7350-4598-8DC1-5D320DC01F80}.Release|Any CPU.Build.0 = Release|Any CPU
	EndGlobalSection
	GlobalSection(SolutionProperties) = preSolution
		HideSolutionNode = FALSE
	EndGlobalSection
	GlobalSection(ExtensibilityGlobals) = postSolution
		SolutionGuid = {92EF14BE-CA1B-47E4-871F-CFE78B442E95}
	EndGlobalSection
EndGlobal
