
Microsoft Visual Studio Solution File, Format Version 12.00
# Visual Studio 15
VisualStudioVersion = 15.0.28307.329
MinimumVisualStudioVersion = 10.0.40219.1
Project("{FAE04EC0-301F-11D3-BF4B-00C04F79EFBC}") = "TrafficLightt", "TrafficLightt\TrafficLightt.csproj", "{2B91A56F-3E79-4903-AB1B-3A23338D08C1}"
EndProject
Global
	GlobalSection(SolutionConfigurationPlatforms) = preSolution
		Debug|Any CPU = Debug|Any CPU
		Release|Any CPU = Release|Any CPU
	EndGlobalSection
	GlobalSection(ProjectConfigurationPlatforms) = postSolution
		{2B91A56F-3E79-4903-AB1B-3A23338D08C1}.Debug|Any CPU.ActiveCfg = Debug|Any CPU
		{2B91A56F-3E79-4903-AB1B-3A23338D08C1}.Debug|Any CPU.Build.0 = Debug|Any CPU
		{2B91A56F-3E79-4903-AB1B-3A23338D08C1}.Release|Any CPU.ActiveCfg = Release|Any CPU
		{2B91A56F-3E79-4903-AB1B-3A23338D08C1}.Release|Any CPU.Build.0 = Release|Any CPU
	EndGlobalSection
	GlobalSection(SolutionProperties) = preSolution
		HideSolutionNode = FALSE
	EndGlobalSection
	GlobalSection(ExtensibilityGlobals) = postSolution
		SolutionGuid = {C9428AC8-C702-4AF5-9E6A-C98F5C0DC9C6}
	EndGlobalSection
EndGlobal
